
Microsoft Visual Studio Solution File, Format Version 12.00
# Visual Studio Version 17
VisualStudioVersion = 17.4.33110.190
MinimumVisualStudioVersion = 10.0.40219.1
Project("{FAE04EC0-301F-11D3-BF4B-00C04F79EFBC}") = "Gestion_Sall_De_Sport", "Gestion_Sall_De_Sport\Gestion_Sall_De_Sport.csproj", "{8E16DFFA-4E6F-4A06-B894-E8CB4B102C69}"
EndProject
Global
	GlobalSection(SolutionConfigurationPlatforms) = preSolution
		Debug|Any CPU = Debug|Any CPU
		Release|Any CPU = Release|Any CPU
	EndGlobalSection
	GlobalSection(ProjectConfigurationPlatforms) = postSolution
		{8E16DFFA-4E6F-4A06-B894-E8CB4B102C69}.Debug|Any CPU.ActiveCfg = Debug|Any CPU
		{8E16DFFA-4E6F-4A06-B894-E8CB4B102C69}.Debug|Any CPU.Build.0 = Debug|Any CPU
		{8E16DFFA-4E6F-4A06-B894-E8CB4B102C69}.Release|Any CPU.ActiveCfg = Release|Any CPU
		{8E16DFFA-4E6F-4A06-B894-E8CB4B102C69}.Release|Any CPU.Build.0 = Release|Any CPU
	EndGlobalSection
	GlobalSection(SolutionProperties) = preSolution
		HideSolutionNode = FALSE
	EndGlobalSection
	GlobalSection(ExtensibilityGlobals) = postSolution
		SolutionGuid = {A5171797-CBFC-4152-BE1F-E00891A58A06}
	EndGlobalSection
EndGlobal
